<?xml version="1.0" encoding="UTF-8"?>
<!DOCTYPE plist PUBLIC "-//Apple//DTD PLIST 1.0//EN" "http://www.apple.com/DTDs/PropertyList-1.0.dtd">
<plist version="1.0">
<dict>
	<key>archiveVersion</key>
	<string>1</string>
	<key>classes</key>
	<dict/>
	<key>objectVersion</key>
	<string>46</string>
	<key>objects</key>
	<dict>
		<key>054A199C8F78456D8AFEEFB1</key>
		<dict>
			<key>buildActionMask</key>
			<string>2147483647</string>
			<key>files</key>
			<array/>
			<key>inputPaths</key>
			<array/>
			<key>isa</key>
			<string>PBXShellScriptBuildPhase</string>
			<key>name</key>
			<string>Check Pods Manifest.lock</string>
			<key>outputPaths</key>
			<array/>
			<key>runOnlyForDeploymentPostprocessing</key>
			<string>0</string>
			<key>shellPath</key>
			<string>/bin/sh</string>
			<key>shellScript</key>
			<string>diff "${PODS_ROOT}/../Podfile.lock" "${PODS_ROOT}/Manifest.lock" &gt; /dev/null
if [[ $? != 0 ]] ; then
    cat &lt;&lt; EOM
error: The sandbox is not in sync with the Podfile.lock. Run 'pod install' or update your CocoaPods installation.
EOM
    exit 1
fi
</string>
			<key>showEnvVarsInLog</key>
			<string>0</string>
		</dict>
		<key>233E73395DB24C738015DF9F</key>
		<dict>
			<key>includeInIndex</key>
			<string>1</string>
			<key>isa</key>
			<string>PBXFileReference</string>
			<key>lastKnownFileType</key>
			<string>text.xcconfig</string>
			<key>name</key>
			<string>Pods.xcconfig</string>
			<key>path</key>
			<string>Pods/Pods.xcconfig</string>
			<key>sourceTree</key>
			<string>&lt;group&gt;</string>
		</dict>
		<key>3712AC8C09914192BA4EBB71</key>
		<dict>
			<key>explicitFileType</key>
			<string>archive.ar</string>
			<key>includeInIndex</key>
			<string>0</string>
			<key>isa</key>
			<string>PBXFileReference</string>
			<key>path</key>
			<string>libPods.a</string>
			<key>sourceTree</key>
			<string>BUILT_PRODUCTS_DIR</string>
		</dict>
		<key>905D2AA0173EA23F00CE4EAA</key>
		<dict>
			<key>fileEncoding</key>
			<string>4</string>
			<key>isa</key>
			<string>PBXFileReference</string>
			<key>lastKnownFileType</key>
			<string>sourcecode.c.h</string>
			<key>path</key>
			<string>FeedTableViewController.h</string>
			<key>sourceTree</key>
			<string>&lt;group&gt;</string>
		</dict>
		<key>905D2AA1173EA23F00CE4EAA</key>
		<dict>
			<key>fileEncoding</key>
			<string>4</string>
			<key>isa</key>
			<string>PBXFileReference</string>
			<key>lastKnownFileType</key>
			<string>sourcecode.c.objc</string>
			<key>path</key>
			<string>FeedTableViewController.m</string>
			<key>sourceTree</key>
			<string>&lt;group&gt;</string>
		</dict>
		<key>905D2AA2173EA23F00CE4EAA</key>
		<dict>
			<key>fileRef</key>
			<string>905D2AA1173EA23F00CE4EAA</string>
			<key>isa</key>
			<string>PBXBuildFile</string>
		</dict>
		<key>907D5007174420CC00DADB9A</key>
		<dict>
			<key>fileEncoding</key>
			<string>4</string>
			<key>isa</key>
			<string>PBXFileReference</string>
			<key>lastKnownFileType</key>
			<string>sourcecode.c.h</string>
			<key>path</key>
			<string>SearchTagViewController.h</string>
			<key>sourceTree</key>
			<string>&lt;group&gt;</string>
		</dict>
		<key>907D5008174420CC00DADB9A</key>
		<dict>
			<key>fileEncoding</key>
			<string>4</string>
			<key>isa</key>
			<string>PBXFileReference</string>
			<key>lastKnownFileType</key>
			<string>sourcecode.c.objc</string>
			<key>path</key>
			<string>SearchTagViewController.m</string>
			<key>sourceTree</key>
			<string>&lt;group&gt;</string>
		</dict>
		<key>907D5009174420CC00DADB9A</key>
		<dict>
			<key>fileRef</key>
			<string>907D5008174420CC00DADB9A</string>
			<key>isa</key>
			<string>PBXBuildFile</string>
		</dict>
		<key>907D500A174424B700DADB9A</key>
		<dict>
			<key>fileEncoding</key>
			<string>4</string>
			<key>isa</key>
			<string>PBXFileReference</string>
			<key>lastKnownFileType</key>
			<string>sourcecode.c.h</string>
			<key>path</key>
			<string>FeedCellView.h</string>
			<key>sourceTree</key>
			<string>&lt;group&gt;</string>
		</dict>
		<key>907D500B174424B700DADB9A</key>
		<dict>
			<key>fileEncoding</key>
			<string>4</string>
			<key>isa</key>
			<string>PBXFileReference</string>
			<key>lastKnownFileType</key>
			<string>sourcecode.c.objc</string>
			<key>path</key>
			<string>FeedCellView.m</string>
			<key>sourceTree</key>
			<string>&lt;group&gt;</string>
		</dict>
		<key>907D500C174424B700DADB9A</key>
		<dict>
			<key>fileRef</key>
			<string>907D500B174424B700DADB9A</string>
			<key>isa</key>
			<string>PBXBuildFile</string>
		</dict>
		<key>90CDF7B9173E767F004EE9CB</key>
		<dict>
			<key>children</key>
			<array>
				<string>90CDF7CB173E767F004EE9CB</string>
				<string>90CDF7C4173E767F004EE9CB</string>
				<string>90CDF7C3173E767F004EE9CB</string>
				<string>233E73395DB24C738015DF9F</string>
			</array>
			<key>isa</key>
			<string>PBXGroup</string>
			<key>sourceTree</key>
			<string>&lt;group&gt;</string>
		</dict>
		<key>90CDF7BA173E767F004EE9CB</key>
		<dict>
			<key>attributes</key>
			<dict>
				<key>LastUpgradeCheck</key>
				<string>0460</string>
				<key>ORGANIZATIONNAME</key>
				<string>Daniele Rognone</string>
			</dict>
			<key>buildConfigurationList</key>
			<string>90CDF7BD173E767F004EE9CB</string>
			<key>compatibilityVersion</key>
			<string>Xcode 3.2</string>
			<key>developmentRegion</key>
			<string>English</string>
			<key>hasScannedForEncodings</key>
			<string>0</string>
			<key>isa</key>
			<string>PBXProject</string>
			<key>knownRegions</key>
			<array>
				<string>en</string>
			</array>
			<key>mainGroup</key>
			<string>90CDF7B9173E767F004EE9CB</string>
			<key>productRefGroup</key>
			<string>90CDF7C3173E767F004EE9CB</string>
			<key>projectDirPath</key>
			<string></string>
			<key>projectReferences</key>
			<array/>
			<key>projectRoot</key>
			<string></string>
			<key>targets</key>
			<array>
				<string>90CDF7C1173E767F004EE9CB</string>
			</array>
		</dict>
		<key>90CDF7BD173E767F004EE9CB</key>
		<dict>
			<key>buildConfigurations</key>
			<array>
				<string>90CDF7E3173E767F004EE9CB</string>
				<string>90CDF7E4173E767F004EE9CB</string>
			</array>
			<key>defaultConfigurationIsVisible</key>
			<string>0</string>
			<key>defaultConfigurationName</key>
			<string>Release</string>
			<key>isa</key>
			<string>XCConfigurationList</string>
		</dict>
		<key>90CDF7BE173E767F004EE9CB</key>
		<dict>
			<key>buildActionMask</key>
			<string>2147483647</string>
			<key>files</key>
			<array>
				<string>90CDF7D2173E767F004EE9CB</string>
				<string>90CDF7D6173E767F004EE9CB</string>
				<string>90CDF7E2173E767F004EE9CB</string>
				<string>905D2AA2173EA23F00CE4EAA</string>
				<string>907D5009174420CC00DADB9A</string>
				<string>907D500C174424B700DADB9A</string>
				<string>90DE87BC1747F990007C3AEC</string>
			</array>
			<key>isa</key>
			<string>PBXSourcesBuildPhase</string>
			<key>runOnlyForDeploymentPostprocessing</key>
			<string>0</string>
		</dict>
		<key>90CDF7BF173E767F004EE9CB</key>
		<dict>
			<key>buildActionMask</key>
			<string>2147483647</string>
			<key>files</key>
			<array>
				<string>90CDF7C6173E767F004EE9CB</string>
				<string>90CDF7C8173E767F004EE9CB</string>
				<string>90CDF7CA173E767F004EE9CB</string>
				<string>AC2A10A0972A461AAD1E80C1</string>
			</array>
			<key>isa</key>
			<string>PBXFrameworksBuildPhase</string>
			<key>runOnlyForDeploymentPostprocessing</key>
			<string>0</string>
		</dict>
		<key>90CDF7C0173E767F004EE9CB</key>
		<dict>
			<key>buildActionMask</key>
			<string>2147483647</string>
			<key>files</key>
			<array>
				<string>90CDF7D0173E767F004EE9CB</string>
				<string>90CDF7D8173E767F004EE9CB</string>
				<string>90CDF7DA173E767F004EE9CB</string>
				<string>90CDF7DC173E767F004EE9CB</string>
				<string>90CDF7DF173E767F004EE9CB</string>
			</array>
			<key>isa</key>
			<string>PBXResourcesBuildPhase</string>
			<key>runOnlyForDeploymentPostprocessing</key>
			<string>0</string>
		</dict>
		<key>90CDF7C1173E767F004EE9CB</key>
		<dict>
			<key>buildConfigurationList</key>
			<string>90CDF7E5173E767F004EE9CB</string>
			<key>buildPhases</key>
			<array>
				<string>054A199C8F78456D8AFEEFB1</string>
				<string>90CDF7BE173E767F004EE9CB</string>
				<string>90CDF7BF173E767F004EE9CB</string>
				<string>90CDF7C0173E767F004EE9CB</string>
				<string>F761765C4A7146DBB0D32A5C</string>
			</array>
			<key>buildRules</key>
			<array/>
			<key>dependencies</key>
			<array/>
			<key>isa</key>
			<string>PBXNativeTarget</string>
			<key>name</key>
			<string>AutoCommentInstagram</string>
			<key>productName</key>
			<string>AutoCommentInstagram</string>
			<key>productReference</key>
			<string>90CDF7C2173E767F004EE9CB</string>
			<key>productType</key>
			<string>com.apple.product-type.application</string>
		</dict>
		<key>90CDF7C2173E767F004EE9CB</key>
		<dict>
			<key>explicitFileType</key>
			<string>wrapper.application</string>
			<key>includeInIndex</key>
			<string>0</string>
			<key>isa</key>
			<string>PBXFileReference</string>
			<key>path</key>
			<string>AutoCommentInstagram.app</string>
			<key>sourceTree</key>
			<string>BUILT_PRODUCTS_DIR</string>
		</dict>
		<key>90CDF7C3173E767F004EE9CB</key>
		<dict>
			<key>children</key>
			<array>
				<string>90CDF7C2173E767F004EE9CB</string>
			</array>
			<key>isa</key>
			<string>PBXGroup</string>
			<key>name</key>
			<string>Products</string>
			<key>sourceTree</key>
			<string>&lt;group&gt;</string>
		</dict>
		<key>90CDF7C4173E767F004EE9CB</key>
		<dict>
			<key>children</key>
			<array>
				<string>90CDF7C5173E767F004EE9CB</string>
				<string>90CDF7C7173E767F004EE9CB</string>
				<string>90CDF7C9173E767F004EE9CB</string>
				<string>3712AC8C09914192BA4EBB71</string>
			</array>
			<key>isa</key>
			<string>PBXGroup</string>
			<key>name</key>
			<string>Frameworks</string>
			<key>sourceTree</key>
			<string>&lt;group&gt;</string>
		</dict>
		<key>90CDF7C5173E767F004EE9CB</key>
		<dict>
			<key>isa</key>
			<string>PBXFileReference</string>
			<key>lastKnownFileType</key>
			<string>wrapper.framework</string>
			<key>name</key>
			<string>UIKit.framework</string>
			<key>path</key>
			<string>System/Library/Frameworks/UIKit.framework</string>
			<key>sourceTree</key>
			<string>SDKROOT</string>
		</dict>
		<key>90CDF7C6173E767F004EE9CB</key>
		<dict>
			<key>fileRef</key>
			<string>90CDF7C5173E767F004EE9CB</string>
			<key>isa</key>
			<string>PBXBuildFile</string>
		</dict>
		<key>90CDF7C7173E767F004EE9CB</key>
		<dict>
			<key>isa</key>
			<string>PBXFileReference</string>
			<key>lastKnownFileType</key>
			<string>wrapper.framework</string>
			<key>name</key>
			<string>Foundation.framework</string>
			<key>path</key>
			<string>System/Library/Frameworks/Foundation.framework</string>
			<key>sourceTree</key>
			<string>SDKROOT</string>
		</dict>
		<key>90CDF7C8173E767F004EE9CB</key>
		<dict>
			<key>fileRef</key>
			<string>90CDF7C7173E767F004EE9CB</string>
			<key>isa</key>
			<string>PBXBuildFile</string>
		</dict>
		<key>90CDF7C9173E767F004EE9CB</key>
		<dict>
			<key>isa</key>
			<string>PBXFileReference</string>
			<key>lastKnownFileType</key>
			<string>wrapper.framework</string>
			<key>name</key>
			<string>CoreGraphics.framework</string>
			<key>path</key>
			<string>System/Library/Frameworks/CoreGraphics.framework</string>
			<key>sourceTree</key>
			<string>SDKROOT</string>
		</dict>
		<key>90CDF7CA173E767F004EE9CB</key>
		<dict>
			<key>fileRef</key>
			<string>90CDF7C9173E767F004EE9CB</string>
			<key>isa</key>
			<string>PBXBuildFile</string>
		</dict>
		<key>90CDF7CB173E767F004EE9CB</key>
		<dict>
			<key>children</key>
			<array>
				<string>90DE87B91747F94C007C3AEC</string>
				<string>90CDF7D4173E767F004EE9CB</string>
				<string>90CDF7D5173E767F004EE9CB</string>
				<string>90CDF7DD173E767F004EE9CB</string>
				<string>90CDF7E0173E767F004EE9CB</string>
				<string>90CDF7E1173E767F004EE9CB</string>
				<string>905D2AA0173EA23F00CE4EAA</string>
				<string>905D2AA1173EA23F00CE4EAA</string>
				<string>907D5007174420CC00DADB9A</string>
				<string>907D5008174420CC00DADB9A</string>
				<string>907D500A174424B700DADB9A</string>
				<string>907D500B174424B700DADB9A</string>
				<string>90CDF7CC173E767F004EE9CB</string>
			</array>
			<key>isa</key>
			<string>PBXGroup</string>
			<key>path</key>
			<string>AutoCommentInstagram</string>
			<key>sourceTree</key>
			<string>&lt;group&gt;</string>
		</dict>
		<key>90CDF7CC173E767F004EE9CB</key>
		<dict>
			<key>children</key>
			<array>
				<string>90CDF7CD173E767F004EE9CB</string>
				<string>90CDF7CE173E767F004EE9CB</string>
				<string>90CDF7D1173E767F004EE9CB</string>
				<string>90CDF7D3173E767F004EE9CB</string>
				<string>90CDF7D7173E767F004EE9CB</string>
				<string>90CDF7D9173E767F004EE9CB</string>
				<string>90CDF7DB173E767F004EE9CB</string>
			</array>
			<key>isa</key>
			<string>PBXGroup</string>
			<key>name</key>
			<string>Supporting Files</string>
			<key>sourceTree</key>
			<string>&lt;group&gt;</string>
		</dict>
		<key>90CDF7CD173E767F004EE9CB</key>
		<dict>
			<key>isa</key>
			<string>PBXFileReference</string>
			<key>lastKnownFileType</key>
			<string>text.plist.xml</string>
			<key>path</key>
			<string>AutoCommentInstagram-Info.plist</string>
			<key>sourceTree</key>
			<string>&lt;group&gt;</string>
		</dict>
		<key>90CDF7CE173E767F004EE9CB</key>
		<dict>
			<key>children</key>
			<array>
				<string>90CDF7CF173E767F004EE9CB</string>
			</array>
			<key>isa</key>
			<string>PBXVariantGroup</string>
			<key>name</key>
			<string>InfoPlist.strings</string>
			<key>sourceTree</key>
			<string>&lt;group&gt;</string>
		</dict>
		<key>90CDF7CF173E767F004EE9CB</key>
		<dict>
			<key>isa</key>
			<string>PBXFileReference</string>
			<key>lastKnownFileType</key>
			<string>text.plist.strings</string>
			<key>name</key>
			<string>en</string>
			<key>path</key>
			<string>en.lproj/InfoPlist.strings</string>
			<key>sourceTree</key>
			<string>&lt;group&gt;</string>
		</dict>
		<key>90CDF7D0173E767F004EE9CB</key>
		<dict>
			<key>fileRef</key>
			<string>90CDF7CE173E767F004EE9CB</string>
			<key>isa</key>
			<string>PBXBuildFile</string>
		</dict>
		<key>90CDF7D1173E767F004EE9CB</key>
		<dict>
			<key>isa</key>
			<string>PBXFileReference</string>
			<key>lastKnownFileType</key>
			<string>sourcecode.c.objc</string>
			<key>path</key>
			<string>main.m</string>
			<key>sourceTree</key>
			<string>&lt;group&gt;</string>
		</dict>
		<key>90CDF7D2173E767F004EE9CB</key>
		<dict>
			<key>fileRef</key>
			<string>90CDF7D1173E767F004EE9CB</string>
			<key>isa</key>
			<string>PBXBuildFile</string>
		</dict>
		<key>90CDF7D3173E767F004EE9CB</key>
		<dict>
			<key>isa</key>
			<string>PBXFileReference</string>
			<key>lastKnownFileType</key>
			<string>sourcecode.c.h</string>
			<key>path</key>
			<string>AutoCommentInstagram-Prefix.pch</string>
			<key>sourceTree</key>
			<string>&lt;group&gt;</string>
		</dict>
		<key>90CDF7D4173E767F004EE9CB</key>
		<dict>
			<key>isa</key>
			<string>PBXFileReference</string>
			<key>lastKnownFileType</key>
			<string>sourcecode.c.h</string>
			<key>path</key>
			<string>AppDelegate.h</string>
			<key>sourceTree</key>
			<string>&lt;group&gt;</string>
		</dict>
		<key>90CDF7D5173E767F004EE9CB</key>
		<dict>
			<key>isa</key>
			<string>PBXFileReference</string>
			<key>lastKnownFileType</key>
			<string>sourcecode.c.objc</string>
			<key>path</key>
			<string>AppDelegate.m</string>
			<key>sourceTree</key>
			<string>&lt;group&gt;</string>
		</dict>
		<key>90CDF7D6173E767F004EE9CB</key>
		<dict>
			<key>fileRef</key>
			<string>90CDF7D5173E767F004EE9CB</string>
			<key>isa</key>
			<string>PBXBuildFile</string>
		</dict>
		<key>90CDF7D7173E767F004EE9CB</key>
		<dict>
			<key>isa</key>
			<string>PBXFileReference</string>
			<key>lastKnownFileType</key>
			<string>image.png</string>
			<key>path</key>
			<string>Default.png</string>
			<key>sourceTree</key>
			<string>&lt;group&gt;</string>
		</dict>
		<key>90CDF7D8173E767F004EE9CB</key>
		<dict>
			<key>fileRef</key>
			<string>90CDF7D7173E767F004EE9CB</string>
			<key>isa</key>
			<string>PBXBuildFile</string>
		</dict>
		<key>90CDF7D9173E767F004EE9CB</key>
		<dict>
			<key>isa</key>
			<string>PBXFileReference</string>
			<key>lastKnownFileType</key>
			<string>image.png</string>
			<key>path</key>
			<string>Default@2x.png</string>
			<key>sourceTree</key>
			<string>&lt;group&gt;</string>
		</dict>
		<key>90CDF7DA173E767F004EE9CB</key>
		<dict>
			<key>fileRef</key>
			<string>90CDF7D9173E767F004EE9CB</string>
			<key>isa</key>
			<string>PBXBuildFile</string>
		</dict>
		<key>90CDF7DB173E767F004EE9CB</key>
		<dict>
			<key>isa</key>
			<string>PBXFileReference</string>
			<key>lastKnownFileType</key>
			<string>image.png</string>
			<key>path</key>
			<string>Default-568h@2x.png</string>
			<key>sourceTree</key>
			<string>&lt;group&gt;</string>
		</dict>
		<key>90CDF7DC173E767F004EE9CB</key>
		<dict>
			<key>fileRef</key>
			<string>90CDF7DB173E767F004EE9CB</string>
			<key>isa</key>
			<string>PBXBuildFile</string>
		</dict>
		<key>90CDF7DD173E767F004EE9CB</key>
		<dict>
			<key>children</key>
			<array>
				<string>90CDF7DE173E767F004EE9CB</string>
			</array>
			<key>isa</key>
			<string>PBXVariantGroup</string>
			<key>name</key>
			<string>MainStoryboard.storyboard</string>
			<key>sourceTree</key>
			<string>&lt;group&gt;</string>
		</dict>
		<key>90CDF7DE173E767F004EE9CB</key>
		<dict>
			<key>isa</key>
			<string>PBXFileReference</string>
			<key>lastKnownFileType</key>
			<string>file.storyboard</string>
			<key>name</key>
			<string>en</string>
			<key>path</key>
			<string>en.lproj/MainStoryboard.storyboard</string>
			<key>sourceTree</key>
			<string>&lt;group&gt;</string>
		</dict>
		<key>90CDF7DF173E767F004EE9CB</key>
		<dict>
			<key>fileRef</key>
			<string>90CDF7DD173E767F004EE9CB</string>
			<key>isa</key>
			<string>PBXBuildFile</string>
		</dict>
		<key>90CDF7E0173E767F004EE9CB</key>
		<dict>
			<key>isa</key>
			<string>PBXFileReference</string>
			<key>lastKnownFileType</key>
			<string>sourcecode.c.h</string>
			<key>path</key>
			<string>ViewController.h</string>
			<key>sourceTree</key>
			<string>&lt;group&gt;</string>
		</dict>
		<key>90CDF7E1173E767F004EE9CB</key>
		<dict>
			<key>isa</key>
			<string>PBXFileReference</string>
			<key>lastKnownFileType</key>
			<string>sourcecode.c.objc</string>
			<key>path</key>
			<string>ViewController.m</string>
			<key>sourceTree</key>
			<string>&lt;group&gt;</string>
		</dict>
		<key>90CDF7E2173E767F004EE9CB</key>
		<dict>
			<key>fileRef</key>
			<string>90CDF7E1173E767F004EE9CB</string>
			<key>isa</key>
			<string>PBXBuildFile</string>
		</dict>
		<key>90CDF7E3173E767F004EE9CB</key>
		<dict>
			<key>buildSettings</key>
			<dict>
				<key>ALWAYS_SEARCH_USER_PATHS</key>
				<string>NO</string>
				<key>CLANG_CXX_LANGUAGE_STANDARD</key>
				<string>gnu++0x</string>
				<key>CLANG_CXX_LIBRARY</key>
				<string>libc++</string>
				<key>CLANG_ENABLE_OBJC_ARC</key>
				<string>YES</string>
				<key>CLANG_WARN_CONSTANT_CONVERSION</key>
				<string>YES</string>
				<key>CLANG_WARN_EMPTY_BODY</key>
				<string>YES</string>
				<key>CLANG_WARN_ENUM_CONVERSION</key>
				<string>YES</string>
				<key>CLANG_WARN_INT_CONVERSION</key>
				<string>YES</string>
				<key>CLANG_WARN__DUPLICATE_METHOD_MATCH</key>
				<string>YES</string>
				<key>CODE_SIGN_IDENTITY[sdk=iphoneos*]</key>
				<string>iPhone Developer</string>
				<key>COPY_PHASE_STRIP</key>
				<string>NO</string>
				<key>GCC_C_LANGUAGE_STANDARD</key>
				<string>gnu99</string>
				<key>GCC_DYNAMIC_NO_PIC</key>
				<string>NO</string>
				<key>GCC_OPTIMIZATION_LEVEL</key>
				<string>0</string>
				<key>GCC_PREPROCESSOR_DEFINITIONS</key>
				<array>
					<string>DEBUG=1</string>
					<string>$(inherited)</string>
				</array>
				<key>GCC_SYMBOLS_PRIVATE_EXTERN</key>
				<string>NO</string>
				<key>GCC_WARN_ABOUT_RETURN_TYPE</key>
				<string>YES</string>
				<key>GCC_WARN_UNINITIALIZED_AUTOS</key>
				<string>YES</string>
				<key>GCC_WARN_UNUSED_VARIABLE</key>
				<string>YES</string>
				<key>IPHONEOS_DEPLOYMENT_TARGET</key>
				<string>6.1</string>
				<key>ONLY_ACTIVE_ARCH</key>
				<string>YES</string>
				<key>SDKROOT</key>
				<string>iphoneos</string>
			</dict>
			<key>isa</key>
			<string>XCBuildConfiguration</string>
			<key>name</key>
			<string>Debug</string>
		</dict>
		<key>90CDF7E4173E767F004EE9CB</key>
		<dict>
			<key>buildSettings</key>
			<dict>
				<key>ALWAYS_SEARCH_USER_PATHS</key>
				<string>NO</string>
				<key>CLANG_CXX_LANGUAGE_STANDARD</key>
				<string>gnu++0x</string>
				<key>CLANG_CXX_LIBRARY</key>
				<string>libc++</string>
				<key>CLANG_ENABLE_OBJC_ARC</key>
				<string>YES</string>
				<key>CLANG_WARN_CONSTANT_CONVERSION</key>
				<string>YES</string>
				<key>CLANG_WARN_EMPTY_BODY</key>
				<string>YES</string>
				<key>CLANG_WARN_ENUM_CONVERSION</key>
				<string>YES</string>
				<key>CLANG_WARN_INT_CONVERSION</key>
				<string>YES</string>
				<key>CLANG_WARN__DUPLICATE_METHOD_MATCH</key>
				<string>YES</string>
				<key>CODE_SIGN_IDENTITY[sdk=iphoneos*]</key>
				<string>iPhone Developer</string>
				<key>COPY_PHASE_STRIP</key>
				<string>YES</string>
				<key>GCC_C_LANGUAGE_STANDARD</key>
				<string>gnu99</string>
				<key>GCC_WARN_ABOUT_RETURN_TYPE</key>
				<string>YES</string>
				<key>GCC_WARN_UNINITIALIZED_AUTOS</key>
				<string>YES</string>
				<key>GCC_WARN_UNUSED_VARIABLE</key>
				<string>YES</string>
				<key>IPHONEOS_DEPLOYMENT_TARGET</key>
				<string>6.1</string>
				<key>OTHER_CFLAGS</key>
				<string>-DNS_BLOCK_ASSERTIONS=1</string>
				<key>SDKROOT</key>
				<string>iphoneos</string>
				<key>VALIDATE_PRODUCT</key>
				<string>YES</string>
			</dict>
			<key>isa</key>
			<string>XCBuildConfiguration</string>
			<key>name</key>
			<string>Release</string>
		</dict>
		<key>90CDF7E5173E767F004EE9CB</key>
		<dict>
			<key>buildConfigurations</key>
			<array>
				<string>90CDF7E6173E767F004EE9CB</string>
				<string>90CDF7E7173E767F004EE9CB</string>
			</array>
			<key>defaultConfigurationIsVisible</key>
			<string>0</string>
			<key>defaultConfigurationName</key>
			<string>Release</string>
			<key>isa</key>
			<string>XCConfigurationList</string>
		</dict>
		<key>90CDF7E6173E767F004EE9CB</key>
		<dict>
			<key>baseConfigurationReference</key>
			<string>233E73395DB24C738015DF9F</string>
			<key>buildSettings</key>
			<dict>
				<key>GCC_PRECOMPILE_PREFIX_HEADER</key>
				<string>YES</string>
				<key>GCC_PREFIX_HEADER</key>
				<string>AutoCommentInstagram/AutoCommentInstagram-Prefix.pch</string>
				<key>INFOPLIST_FILE</key>
				<string>AutoCommentInstagram/AutoCommentInstagram-Info.plist</string>
				<key>PRODUCT_NAME</key>
				<string>$(TARGET_NAME)</string>
				<key>WRAPPER_EXTENSION</key>
				<string>app</string>
			</dict>
			<key>isa</key>
			<string>XCBuildConfiguration</string>
			<key>name</key>
			<string>Debug</string>
		</dict>
		<key>90CDF7E7173E767F004EE9CB</key>
		<dict>
			<key>baseConfigurationReference</key>
			<string>233E73395DB24C738015DF9F</string>
			<key>buildSettings</key>
			<dict>
				<key>GCC_PRECOMPILE_PREFIX_HEADER</key>
				<string>YES</string>
				<key>GCC_PREFIX_HEADER</key>
				<string>AutoCommentInstagram/AutoCommentInstagram-Prefix.pch</string>
				<key>INFOPLIST_FILE</key>
				<string>AutoCommentInstagram/AutoCommentInstagram-Info.plist</string>
				<key>PRODUCT_NAME</key>
				<string>$(TARGET_NAME)</string>
				<key>WRAPPER_EXTENSION</key>
				<string>app</string>
			</dict>
			<key>isa</key>
			<string>XCBuildConfiguration</string>
			<key>name</key>
			<string>Release</string>
		</dict>
		<key>90DE87B91747F94C007C3AEC</key>
		<dict>
			<key>children</key>
			<array>
				<string>90DE87BA1747F990007C3AEC</string>
				<string>90DE87BB1747F990007C3AEC</string>
			</array>
			<key>isa</key>
			<string>PBXGroup</string>
			<key>name</key>
			<string>Model</string>
			<key>sourceTree</key>
			<string>&lt;group&gt;</string>
		</dict>
		<key>90DE87BA1747F990007C3AEC</key>
		<dict>
			<key>fileEncoding</key>
			<string>4</string>
			<key>isa</key>
			<string>PBXFileReference</string>
			<key>lastKnownFileType</key>
			<string>sourcecode.c.h</string>
			<key>path</key>
			<string>FeedData.h</string>
			<key>sourceTree</key>
			<string>&lt;group&gt;</string>
		</dict>
		<key>90DE87BB1747F990007C3AEC</key>
		<dict>
			<key>fileEncoding</key>
			<string>4</string>
			<key>isa</key>
			<string>PBXFileReference</string>
			<key>lastKnownFileType</key>
			<string>sourcecode.c.objc</string>
			<key>path</key>
			<string>FeedData.m</string>
			<key>sourceTree</key>
			<string>&lt;group&gt;</string>
		</dict>
		<key>90DE87BC1747F990007C3AEC</key>
		<dict>
			<key>fileRef</key>
			<string>90DE87BB1747F990007C3AEC</string>
			<key>isa</key>
			<string>PBXBuildFile</string>
		</dict>
		<key>AC2A10A0972A461AAD1E80C1</key>
		<dict>
			<key>fileRef</key>
			<string>3712AC8C09914192BA4EBB71</string>
			<key>isa</key>
			<string>PBXBuildFile</string>
		</dict>
		<key>F761765C4A7146DBB0D32A5C</key>
		<dict>
			<key>buildActionMask</key>
			<string>2147483647</string>
			<key>files</key>
			<array/>
			<key>inputPaths</key>
			<array/>
			<key>isa</key>
			<string>PBXShellScriptBuildPhase</string>
			<key>name</key>
			<string>Copy Pods Resources</string>
			<key>outputPaths</key>
			<array/>
			<key>runOnlyForDeploymentPostprocessing</key>
			<string>0</string>
			<key>shellPath</key>
			<string>/bin/sh</string>
			<key>shellScript</key>
			<string>"${SRCROOT}/Pods/Pods-resources.sh"
</string>
			<key>showEnvVarsInLog</key>
			<string>0</string>
		</dict>
	</dict>
	<key>rootObject</key>
	<string>90CDF7BA173E767F004EE9CB</string>
</dict>
</plist>
